dependencies:
- name: guestbook
  repository: file://charts/guestbook
  version: 1.0.0
- name: redis
  repository: oci://registry-1.docker.io/bitnamicharts
  version: 22.0.7
digest: sha256:bad5063336a600aa16fba0576eacba8500a4d95f047a63909341ab67b3d61a8a
generated: "2025-10-20T14:16:03.158206+02:00"
