dependencies:
- name: guestbook
  repository: file://charts/guestbook
  version: 1.0.0
- name: redis
  repository: oci://registry-1.docker.io/bitnamicharts
  version: 22.0.7
digest: sha256:73ab37ec2a967091e31e874f7142a3b1d6769c8c9646e335a82624b630d23348
generated: "2025-10-15T14:09:08.059722+02:00"
