dependencies:
- name: kargo
  repository: oci://ghcr.io/akuity/kargo-charts
  version: 1.8.4
- name: argo-rollouts
  repository: https://argoproj.github.io/argo-helm
  version: 2.37.7
digest: sha256:deb00e9f50d204d6dc161bd8843cbd49880752a3efde27ac5c3cc3d745121856
generated: "2025-12-02T00:02:24.722107371Z"
