dependencies:
- name: kargo
  repository: oci://ghcr.io/akuity/kargo-charts
  version: 1.2.0
- name: argo-rollouts
  repository: https://argoproj.github.io/argo-helm
  version: 2.40.5
digest: sha256:c2bbd7e04195b7758f76817d54da023b934e6e00f7a8795852afdb171d9938bc
generated: "2025-12-02T00:00:40.823275862Z"
