dependencies:
- name: kargo
  repository: oci://ghcr.io/akuity/kargo-charts
  version: 1.9.1
- name: argo-rollouts
  repository: https://argoproj.github.io/argo-helm
  version: 2.37.7
digest: sha256:3e67ae8ac7c00df5eade25ef0d2074f57b7622836e1938d30c1a132fbaa1440c
generated: "2026-02-01T00:02:15.137249344Z"
