dependencies:
- name: kargo
  repository: oci://ghcr.io/akuity/kargo-charts
  version: 1.9.3
- name: argo-rollouts
  repository: https://argoproj.github.io/argo-helm
  version: 2.37.7
digest: sha256:aa66996d9313ae599e36e0c9aeca1e2e865a0a2ab4c0c0f14b9196de4c17837b
generated: "2026-02-18T00:02:34.266770217Z"
