dependencies:
- name: kargo
  repository: oci://ghcr.io/akuity/kargo-charts
  version: 1.9.2
- name: argo-rollouts
  repository: https://argoproj.github.io/argo-helm
  version: 2.37.7
digest: sha256:bf1be8fcae7b4d43178591d61981ffc3822adf0fc9b246259ee647dce798e18b
generated: "2026-02-03T00:02:18.067229855Z"
