dependencies:
- name: openunison-operator
  repository: https://nexus.tremolo.io/repository/helm
  version: 3.0.22
- name: orchestra
  repository: https://nexus.tremolo.io/repository/helm
  version: 3.1.25
- name: orchestra-login-portal
  repository: https://nexus.tremolo.io/repository/helm
  version: 2.3.76
digest: sha256:c0bf3cbd3d2a6207cf6e43059581d4ae3008f2398408caad2afcb3601f16a2b5
generated: "2026-01-07T18:24:11.552049+01:00"
