dependencies:
- name: argo-cd
  repository: https://argoproj.github.io/argo-helm
  version: 8.6.4
- name: argocd-image-updater
  repository: https://argoproj.github.io/argo-helm
  version: 0.14.0
digest: sha256:4329aee6741c46fe0d5e90aaa85595d23dc91f182329d4f3046114c32b8ae4c0
generated: "2025-11-30T14:58:01.717354199Z"
