dependencies:
- name: argo-cd
  repository: https://argoproj.github.io/argo-helm
  version: 8.6.4
- name: argocd-image-updater
  repository: https://argoproj.github.io/argo-helm
  version: 0.13.0
digest: sha256:217b5b8b74a91661e9b01edc1e7e120f8304af9e9aa86c29ff7034bcaff5b0a1
generated: "2025-10-20T15:28:36.595124795Z"
